
Microsoft Visual Studio Solution File, Format Version 12.00
Project("{FAE04EC0-301F-11D3-BF4B-00C04F79EFBC}") = "DragNDrop", "DragNDrop.csproj", "{E7D34DC1-53D7-41C0-99FC-34D219E4DACC}"
EndProject
Global
	GlobalSection(SolutionConfigurationPlatforms) = preSolution
		Debug|Any CPU = Debug|Any CPU
		Release|Any CPU = Release|Any CPU
	EndGlobalSection
	GlobalSection(ProjectConfigurationPlatforms) = postSolution
		{E7D34DC1-53D7-41C0-99FC-34D219E4DACC}.Debug|Any CPU.ActiveCfg = Debug|Any CPU
		{E7D34DC1-53D7-41C0-99FC-34D219E4DACC}.Debug|Any CPU.Build.0 = Debug|Any CPU
		{E7D34DC1-53D7-41C0-99FC-34D219E4DACC}.Release|Any CPU.ActiveCfg = Release|Any CPU
		{E7D34DC1-53D7-41C0-99FC-34D219E4DACC}.Release|Any CPU.Build.0 = Release|Any CPU
	EndGlobalSection
EndGlobal
